
Microsoft Visual Studio Solution File, Format Version 12.00
# Visual Studio Version 17
VisualStudioVersion = 17.5.33530.505
MinimumVisualStudioVersion = 10.0.40219.1
Project("{FAE04EC0-301F-11D3-BF4B-00C04F79EFBC}") = "Student_class", "Student_class\Student_class.csproj", "{20FCC087-E072-47B6-80E1-850FBA794928}"
EndProject
Global
	GlobalSection(SolutionConfigurationPlatforms) = preSolution
		Debug|Any CPU = Debug|Any CPU
		Release|Any CPU = Release|Any CPU
	EndGlobalSection
	GlobalSection(ProjectConfigurationPlatforms) = postSolution
		{20FCC087-E072-47B6-80E1-850FBA794928}.Debug|Any CPU.ActiveCfg = Debug|Any CPU
		{20FCC087-E072-47B6-80E1-850FBA794928}.Debug|Any CPU.Build.0 = Debug|Any CPU
		{20FCC087-E072-47B6-80E1-850FBA794928}.Release|Any CPU.ActiveCfg = Release|Any CPU
		{20FCC087-E072-47B6-80E1-850FBA794928}.Release|Any CPU.Build.0 = Release|Any CPU
	EndGlobalSection
	GlobalSection(SolutionProperties) = preSolution
		HideSolutionNode = FALSE
	EndGlobalSection
	GlobalSection(ExtensibilityGlobals) = postSolution
		SolutionGuid = {CAFC1411-6174-4031-9F3B-432EBBE3C68C}
	EndGlobalSection
EndGlobal
